
Microsoft Visual Studio Solution File, Format Version 12.00
# Visual Studio Version 17
VisualStudioVersion = 17.1.32421.90
MinimumVisualStudioVersion = 10.0.40219.1
Project("{FAE04EC0-301F-11D3-BF4B-00C04F79EFBC}") = "TheCatApi-Test", "TheCatApi-Test\TheCatApi-Test.csproj", "{AEAAF3B3-470C-4DED-998D-DB02E689E9F7}"
EndProject
Global
	GlobalSection(SolutionConfigurationPlatforms) = preSolution
		Debug|Any CPU = Debug|Any CPU
		Release|Any CPU = Release|Any CPU
	EndGlobalSection
	GlobalSection(ProjectConfigurationPlatforms) = postSolution
		{AEAAF3B3-470C-4DED-998D-DB02E689E9F7}.Debug|Any CPU.ActiveCfg = Debug|Any CPU
		{AEAAF3B3-470C-4DED-998D-DB02E689E9F7}.Debug|Any CPU.Build.0 = Debug|Any CPU
		{AEAAF3B3-470C-4DED-998D-DB02E689E9F7}.Release|Any CPU.ActiveCfg = Release|Any CPU
		{AEAAF3B3-470C-4DED-998D-DB02E689E9F7}.Release|Any CPU.Build.0 = Release|Any CPU
	EndGlobalSection
	GlobalSection(SolutionProperties) = preSolution
		HideSolutionNode = FALSE
	EndGlobalSection
	GlobalSection(ExtensibilityGlobals) = postSolution
		SolutionGuid = {FBAAD4B5-3381-4EE6-8389-D28E2709CD08}
	EndGlobalSection
EndGlobal
